
Microsoft Visual Studio Solution File, Format Version 12.00
# Visual Studio Version 17
VisualStudioVersion = 17.3.32929.385
MinimumVisualStudioVersion = 10.0.40219.1
Project("{8BC9CEB8-8B4A-11D0-8D11-00A0C91BC942}") = "3", "3.vcxproj", "{2870FD53-5D36-4CA9-A29B-4ACA7ABE1AE0}"
EndProject
Global
	GlobalSection(SolutionConfigurationPlatforms) = preSolution
		Debug|x64 = Debug|x64
		Debug|x86 = Debug|x86
		Release|x64 = Release|x64
		Release|x86 = Release|x86
	EndGlobalSection
	GlobalSection(ProjectConfigurationPlatforms) = postSolution
		{2870FD53-5D36-4CA9-A29B-4ACA7ABE1AE0}.Debug|x64.ActiveCfg = Debug|x64
		{2870FD53-5D36-4CA9-A29B-4ACA7ABE1AE0}.Debug|x64.Build.0 = Debug|x64
		{2870FD53-5D36-4CA9-A29B-4ACA7ABE1AE0}.Debug|x86.ActiveCfg = Debug|Win32
		{2870FD53-5D36-4CA9-A29B-4ACA7ABE1AE0}.Debug|x86.Build.0 = Debug|Win32
		{2870FD53-5D36-4CA9-A29B-4ACA7ABE1AE0}.Release|x64.ActiveCfg = Release|x64
		{2870FD53-5D36-4CA9-A29B-4ACA7ABE1AE0}.Release|x64.Build.0 = Release|x64
		{2870FD53-5D36-4CA9-A29B-4ACA7ABE1AE0}.Release|x86.ActiveCfg = Release|Win32
		{2870FD53-5D36-4CA9-A29B-4ACA7ABE1AE0}.Release|x86.Build.0 = Release|Win32
	EndGlobalSection
	GlobalSection(SolutionProperties) = preSolution
		HideSolutionNode = FALSE
	EndGlobalSection
	GlobalSection(ExtensibilityGlobals) = postSolution
		SolutionGuid = {FB930B1A-91ED-4408-B011-6DD9850D6558}
	EndGlobalSection
EndGlobal
